
Microsoft Visual Studio Solution File, Format Version 12.00
# Visual Studio Version 17
VisualStudioVersion = 17.5.33502.453
MinimumVisualStudioVersion = 10.0.40219.1
Project("{FAE04EC0-301F-11D3-BF4B-00C04F79EFBC}") = "App", "App\App.csproj", "{7C3F159D-12DF-4E44-9276-DE559C5C6FEA}"
EndProject
Global
	GlobalSection(SolutionConfigurationPlatforms) = preSolution
		Debug|Any CPU = Debug|Any CPU
		Release|Any CPU = Release|Any CPU
	EndGlobalSection
	GlobalSection(ProjectConfigurationPlatforms) = postSolution
		{7C3F159D-12DF-4E44-9276-DE559C5C6FEA}.Debug|Any CPU.ActiveCfg = Debug|Any CPU
		{7C3F159D-12DF-4E44-9276-DE559C5C6FEA}.Debug|Any CPU.Build.0 = Debug|Any CPU
		{7C3F159D-12DF-4E44-9276-DE559C5C6FEA}.Release|Any CPU.ActiveCfg = Release|Any CPU
		{7C3F159D-12DF-4E44-9276-DE559C5C6FEA}.Release|Any CPU.Build.0 = Release|Any CPU
	EndGlobalSection
	GlobalSection(SolutionProperties) = preSolution
		HideSolutionNode = FALSE
	EndGlobalSection
	GlobalSection(ExtensibilityGlobals) = postSolution
		SolutionGuid = {57DAEED0-F53E-46A9-B024-E72EE5CAD937}
	EndGlobalSection
EndGlobal
